
Microsoft Visual Studio Solution File, Format Version 12.00
# Visual Studio Version 17
VisualStudioVersion = 17.2.32630.192
MinimumVisualStudioVersion = 10.0.40219.1
Project("{8BC9CEB8-8B4A-11D0-8D11-00A0C91BC942}") = "GraphTest", "GraphTest\GraphTest.vcxproj", "{B34535E4-8736-43BC-ABF0-245655A0B272}"
EndProject
Global
	GlobalSection(SolutionConfigurationPlatforms) = preSolution
		Debug|x64 = Debug|x64
		Debug|x86 = Debug|x86
		Release|x64 = Release|x64
		Release|x86 = Release|x86
	EndGlobalSection
	GlobalSection(ProjectConfigurationPlatforms) = postSolution
		{B34535E4-8736-43BC-ABF0-245655A0B272}.Debug|x64.ActiveCfg = Debug|x64
		{B34535E4-8736-43BC-ABF0-245655A0B272}.Debug|x64.Build.0 = Debug|x64
		{B34535E4-8736-43BC-ABF0-245655A0B272}.Debug|x86.ActiveCfg = Debug|Win32
		{B34535E4-8736-43BC-ABF0-245655A0B272}.Debug|x86.Build.0 = Debug|Win32
		{B34535E4-8736-43BC-ABF0-245655A0B272}.Release|x64.ActiveCfg = Release|x64
		{B34535E4-8736-43BC-ABF0-245655A0B272}.Release|x64.Build.0 = Release|x64
		{B34535E4-8736-43BC-ABF0-245655A0B272}.Release|x86.ActiveCfg = Release|Win32
		{B34535E4-8736-43BC-ABF0-245655A0B272}.Release|x86.Build.0 = Release|Win32
	EndGlobalSection
	GlobalSection(SolutionProperties) = preSolution
		HideSolutionNode = FALSE
	EndGlobalSection
	GlobalSection(ExtensibilityGlobals) = postSolution
		SolutionGuid = {7ED3A776-9EA9-4FC3-B0E8-C08509F1CA5C}
	EndGlobalSection
EndGlobal
