
Microsoft Visual Studio Solution File, Format Version 12.00
# Visual Studio Version 16
VisualStudioVersion = 16.0.31702.278
MinimumVisualStudioVersion = 10.0.40219.1
Project("{8BC9CEB8-8B4A-11D0-8D11-00A0C91BC942}") = "231A", "231A.vcxproj", "{716AD2E8-E881-42DC-B285-5375692B6834}"
EndProject
Global
	GlobalSection(SolutionConfigurationPlatforms) = preSolution
		Debug|x64 = Debug|x64
		Debug|x86 = Debug|x86
		Release|x64 = Release|x64
		Release|x86 = Release|x86
	EndGlobalSection
	GlobalSection(ProjectConfigurationPlatforms) = postSolution
		{716AD2E8-E881-42DC-B285-5375692B6834}.Debug|x64.ActiveCfg = Debug|x64
		{716AD2E8-E881-42DC-B285-5375692B6834}.Debug|x64.Build.0 = Debug|x64
		{716AD2E8-E881-42DC-B285-5375692B6834}.Debug|x86.ActiveCfg = Debug|Win32
		{716AD2E8-E881-42DC-B285-5375692B6834}.Debug|x86.Build.0 = Debug|Win32
		{716AD2E8-E881-42DC-B285-5375692B6834}.Release|x64.ActiveCfg = Release|x64
		{716AD2E8-E881-42DC-B285-5375692B6834}.Release|x64.Build.0 = Release|x64
		{716AD2E8-E881-42DC-B285-5375692B6834}.Release|x86.ActiveCfg = Release|Win32
		{716AD2E8-E881-42DC-B285-5375692B6834}.Release|x86.Build.0 = Release|Win32
	EndGlobalSection
	GlobalSection(SolutionProperties) = preSolution
		HideSolutionNode = FALSE
	EndGlobalSection
	GlobalSection(ExtensibilityGlobals) = postSolution
		SolutionGuid = {EF1F3935-000C-429E-AA63-FCC596093C95}
	EndGlobalSection
EndGlobal
