
Microsoft Visual Studio Solution File, Format Version 12.00
# Visual Studio Version 16
VisualStudioVersion = 16.0.31702.278
MinimumVisualStudioVersion = 10.0.40219.1
Project("{8BC9CEB8-8B4A-11D0-8D11-00A0C91BC942}") = "50A", "50A.vcxproj", "{F53D82FE-F87B-4E3F-B5BB-A5B03B6E8AB0}"
EndProject
Global
	GlobalSection(SolutionConfigurationPlatforms) = preSolution
		Debug|x64 = Debug|x64
		Debug|x86 = Debug|x86
		Release|x64 = Release|x64
		Release|x86 = Release|x86
	EndGlobalSection
	GlobalSection(ProjectConfigurationPlatforms) = postSolution
		{F53D82FE-F87B-4E3F-B5BB-A5B03B6E8AB0}.Debug|x64.ActiveCfg = Debug|x64
		{F53D82FE-F87B-4E3F-B5BB-A5B03B6E8AB0}.Debug|x64.Build.0 = Debug|x64
		{F53D82FE-F87B-4E3F-B5BB-A5B03B6E8AB0}.Debug|x86.ActiveCfg = Debug|Win32
		{F53D82FE-F87B-4E3F-B5BB-A5B03B6E8AB0}.Debug|x86.Build.0 = Debug|Win32
		{F53D82FE-F87B-4E3F-B5BB-A5B03B6E8AB0}.Release|x64.ActiveCfg = Release|x64
		{F53D82FE-F87B-4E3F-B5BB-A5B03B6E8AB0}.Release|x64.Build.0 = Release|x64
		{F53D82FE-F87B-4E3F-B5BB-A5B03B6E8AB0}.Release|x86.ActiveCfg = Release|Win32
		{F53D82FE-F87B-4E3F-B5BB-A5B03B6E8AB0}.Release|x86.Build.0 = Release|Win32
	EndGlobalSection
	GlobalSection(SolutionProperties) = preSolution
		HideSolutionNode = FALSE
	EndGlobalSection
	GlobalSection(ExtensibilityGlobals) = postSolution
		SolutionGuid = {258B9A7A-06F9-4402-869D-EC3C96193572}
	EndGlobalSection
EndGlobal
