
Microsoft Visual Studio Solution File, Format Version 12.00
# Visual Studio Version 17
VisualStudioVersion = 17.0.32112.339
MinimumVisualStudioVersion = 10.0.40219.1
Project("{8BC9CEB8-8B4A-11D0-8D11-00A0C91BC942}") = "772A", "772A\772A.vcxproj", "{99B10A87-AEB7-4657-9CFC-022D6D9F2C5A}"
EndProject
Global
	GlobalSection(SolutionConfigurationPlatforms) = preSolution
		Debug|x64 = Debug|x64
		Debug|x86 = Debug|x86
		Release|x64 = Release|x64
		Release|x86 = Release|x86
	EndGlobalSection
	GlobalSection(ProjectConfigurationPlatforms) = postSolution
		{99B10A87-AEB7-4657-9CFC-022D6D9F2C5A}.Debug|x64.ActiveCfg = Debug|x64
		{99B10A87-AEB7-4657-9CFC-022D6D9F2C5A}.Debug|x64.Build.0 = Debug|x64
		{99B10A87-AEB7-4657-9CFC-022D6D9F2C5A}.Debug|x86.ActiveCfg = Debug|Win32
		{99B10A87-AEB7-4657-9CFC-022D6D9F2C5A}.Debug|x86.Build.0 = Debug|Win32
		{99B10A87-AEB7-4657-9CFC-022D6D9F2C5A}.Release|x64.ActiveCfg = Release|x64
		{99B10A87-AEB7-4657-9CFC-022D6D9F2C5A}.Release|x64.Build.0 = Release|x64
		{99B10A87-AEB7-4657-9CFC-022D6D9F2C5A}.Release|x86.ActiveCfg = Release|Win32
		{99B10A87-AEB7-4657-9CFC-022D6D9F2C5A}.Release|x86.Build.0 = Release|Win32
	EndGlobalSection
	GlobalSection(SolutionProperties) = preSolution
		HideSolutionNode = FALSE
	EndGlobalSection
	GlobalSection(ExtensibilityGlobals) = postSolution
		SolutionGuid = {80DC6BE2-1FA6-4D7D-9E5D-C01238934866}
	EndGlobalSection
EndGlobal
