
Microsoft Visual Studio Solution File, Format Version 12.00
# Visual Studio Version 17
VisualStudioVersion = 17.0.32112.339
MinimumVisualStudioVersion = 10.0.40219.1
Project("{8BC9CEB8-8B4A-11D0-8D11-00A0C91BC942}") = "339A", "339A\339A.vcxproj", "{390078DB-14B0-4523-975C-E9B95E9F33EF}"
EndProject
Global
	GlobalSection(SolutionConfigurationPlatforms) = preSolution
		Debug|x64 = Debug|x64
		Debug|x86 = Debug|x86
		Release|x64 = Release|x64
		Release|x86 = Release|x86
	EndGlobalSection
	GlobalSection(ProjectConfigurationPlatforms) = postSolution
		{390078DB-14B0-4523-975C-E9B95E9F33EF}.Debug|x64.ActiveCfg = Debug|x64
		{390078DB-14B0-4523-975C-E9B95E9F33EF}.Debug|x64.Build.0 = Debug|x64
		{390078DB-14B0-4523-975C-E9B95E9F33EF}.Debug|x86.ActiveCfg = Debug|Win32
		{390078DB-14B0-4523-975C-E9B95E9F33EF}.Debug|x86.Build.0 = Debug|Win32
		{390078DB-14B0-4523-975C-E9B95E9F33EF}.Release|x64.ActiveCfg = Release|x64
		{390078DB-14B0-4523-975C-E9B95E9F33EF}.Release|x64.Build.0 = Release|x64
		{390078DB-14B0-4523-975C-E9B95E9F33EF}.Release|x86.ActiveCfg = Release|Win32
		{390078DB-14B0-4523-975C-E9B95E9F33EF}.Release|x86.Build.0 = Release|Win32
	EndGlobalSection
	GlobalSection(SolutionProperties) = preSolution
		HideSolutionNode = FALSE
	EndGlobalSection
	GlobalSection(ExtensibilityGlobals) = postSolution
		SolutionGuid = {71DD5E90-8166-41F9-BAEF-C44DFFDE6C2F}
	EndGlobalSection
EndGlobal
